
Microsoft Visual Studio Solution File, Format Version 12.00
# Visual Studio Version 17
VisualStudioVersion = 17.4.33213.308
MinimumVisualStudioVersion = 10.0.40219.1
Project("{FAE04EC0-301F-11D3-BF4B-00C04F79EFBC}") = "LAB-01", "LAB-01\LAB-01.csproj", "{55B98DD8-E60B-4C4A-A85B-C18A75775031}"
EndProject
Global
	GlobalSection(SolutionConfigurationPlatforms) = preSolution
		Debug|Any CPU = Debug|Any CPU
		Release|Any CPU = Release|Any CPU
	EndGlobalSection
	GlobalSection(ProjectConfigurationPlatforms) = postSolution
		{55B98DD8-E60B-4C4A-A85B-C18A75775031}.Debug|Any CPU.ActiveCfg = Debug|Any CPU
		{55B98DD8-E60B-4C4A-A85B-C18A75775031}.Debug|Any CPU.Build.0 = Debug|Any CPU
		{55B98DD8-E60B-4C4A-A85B-C18A75775031}.Release|Any CPU.ActiveCfg = Release|Any CPU
		{55B98DD8-E60B-4C4A-A85B-C18A75775031}.Release|Any CPU.Build.0 = Release|Any CPU
	EndGlobalSection
	GlobalSection(SolutionProperties) = preSolution
		HideSolutionNode = FALSE
	EndGlobalSection
	GlobalSection(ExtensibilityGlobals) = postSolution
		SolutionGuid = {A4674FE9-E210-4122-8B18-5D97375C7B1C}
	EndGlobalSection
EndGlobal
